
Microsoft Visual Studio Solution File, Format Version 12.00
# Visual Studio Version 17
VisualStudioVersion = 17.5.002.0
MinimumVisualStudioVersion = 10.0.40219.1
Project("{9A19103F-16F7-4668-BE54-9A1E7A4F7556}") = "wpib", "wpib\wpib.csproj", "{68B4AB66-7CC8-4314-B0C8-3AEE71F8EF85}"
EndProject
Global
	GlobalSection(SolutionConfigurationPlatforms) = preSolution
		Debug|Any CPU = Debug|Any CPU
		Release|Any CPU = Release|Any CPU
	EndGlobalSection
	GlobalSection(ProjectConfigurationPlatforms) = postSolution
		{68B4AB66-7CC8-4314-B0C8-3AEE71F8EF85}.Debug|Any CPU.ActiveCfg = Debug|Any CPU
		{68B4AB66-7CC8-4314-B0C8-3AEE71F8EF85}.Debug|Any CPU.Build.0 = Debug|Any CPU
		{68B4AB66-7CC8-4314-B0C8-3AEE71F8EF85}.Release|Any CPU.ActiveCfg = Release|Any CPU
		{68B4AB66-7CC8-4314-B0C8-3AEE71F8EF85}.Release|Any CPU.Build.0 = Release|Any CPU
	EndGlobalSection
	GlobalSection(SolutionProperties) = preSolution
		HideSolutionNode = FALSE
	EndGlobalSection
	GlobalSection(ExtensibilityGlobals) = postSolution
		SolutionGuid = {9C03C68E-3B50-4310-9919-B2C8A95D5734}
	EndGlobalSection
EndGlobal
